// !$*UTF8*$!
{
	archiveVersion = 1;
	classes = {
	};
	objectVersion = 56;
	objects = {

/* Begin PBXBuildFile section */
		470AF5BEDF59A167BEFF59AC /* Pods_SimpleCalculatorTests.framework in Frameworks */ = {isa = PBXBuildFile; fileRef = 5C7B4473391FB8EBA11A593C /* Pods_SimpleCalculatorTests.framework */; };
		7D1D23482C650FBC003F4D31 /* AppDelegate.swift in Sources */ = {isa = PBXBuildFile; fileRef = 7D1D23472C650FBC003F4D31 /* AppDelegate.swift */; };
		7D1D234A2C650FBC003F4D31 /* SceneDelegate.swift in Sources */ = {isa = PBXBuildFile; fileRef = 7D1D23492C650FBC003F4D31 /* SceneDelegate.swift */; };
		7D1D234C2C650FBC003F4D31 /* CalculatorController.swift in Sources */ = {isa = PBXBuildFile; fileRef = 7D1D234B2C650FBC003F4D31 /* CalculatorController.swift */; };
		7D1D234F2C650FBC003F4D31 /* Base in Resources */ = {isa = PBXBuildFile; fileRef = 7D1D234E2C650FBC003F4D31 /* Base */; };
		7D1D23512C650FC0003F4D31 /* Assets.xcassets in Resources */ = {isa = PBXBuildFile; fileRef = 7D1D23502C650FC0003F4D31 /* Assets.xcassets */; };
		7D1D23542C650FC0003F4D31 /* Base in Resources */ = {isa = PBXBuildFile; fileRef = 7D1D23532C650FC0003F4D31 /* Base */; };
		7D1D235F2C650FC0003F4D31 /* SimpleCalculatorTests.swift in Sources */ = {isa = PBXBuildFile; fileRef = 7D1D235E2C650FC0003F4D31 /* SimpleCalculatorTests.swift */; };
		7D1D23692C650FC0003F4D31 /* SimpleCalculatorUITests.swift in Sources */ = {isa = PBXBuildFile; fileRef = 7D1D23682C650FC0003F4D31 /* SimpleCalculatorUITests.swift */; };
		7D1D236B2C650FC0003F4D31 /* SimpleCalculatorUITestsLaunchTests.swift in Sources */ = {isa = PBXBuildFile; fileRef = 7D1D236A2C650FC0003F4D31 /* SimpleCalculatorUITestsLaunchTests.swift */; };
		7D8093432C6528A400264E76 /* NetworkManager.swift in Sources */ = {isa = PBXBuildFile; fileRef = 7D8093422C6528A400264E76 /* NetworkManager.swift */; };
		7D8093462C6528BD00264E76 /* Constants.swift in Sources */ = {isa = PBXBuildFile; fileRef = 7D8093452C6528BD00264E76 /* Constants.swift */; };
		7D8093482C652AC600264E76 /* ExchangeRateModel.swift in Sources */ = {isa = PBXBuildFile; fileRef = 7D8093472C652AC600264E76 /* ExchangeRateModel.swift */; };
		7D80934A2C652DE400264E76 /* CalculatorControllerViewModel.swift in Sources */ = {isa = PBXBuildFile; fileRef = 7D8093492C652DE400264E76 /* CalculatorControllerViewModel.swift */; };
		9FE36DB56B5E2330B9C068EB /* Pods_SimpleCalculator_SimpleCalculatorUITests.framework in Frameworks */ = {isa = PBXBuildFile; fileRef = 53A3C89C3BA38F1872F4CA24 /* Pods_SimpleCalculator_SimpleCalculatorUITests.framework */; };
		FEC4ED1EE155A5EBEEBDEA20 /* Pods_SimpleCalculator.framework in Frameworks */ = {isa = PBXBuildFile; fileRef = C756BC7458A729EE865BF17F /* Pods_SimpleCalculator.framework */; };
/* End PBXBuildFile section */

/* Begin PBXContainerItemProxy section */
		7D1D235B2C650FC0003F4D31 /* PBXContainerItemProxy */ = {
			isa = PBXContainerItemProxy;
			containerPortal = 7D1D233C2C650FBC003F4D31 /* Project object */;
			proxyType = 1;
			remoteGlobalIDString = 7D1D23432C650FBC003F4D31;
			remoteInfo = SimpleCalculator;
		};
		7D1D23652C650FC0003F4D31 /* PBXContainerItemProxy */ = {
			isa = PBXContainerItemProxy;
			containerPortal = 7D1D233C2C650FBC003F4D31 /* Project object */;
			proxyType = 1;
			remoteGlobalIDString = 7D1D23432C650FBC003F4D31;
			remoteInfo = SimpleCalculator;
		};
/* End PBXContainerItemProxy section */

/* Begin PBXFileReference section */
		19868E8A50E0D8739CA285D1 /* Pods-SimpleCalculator-SimpleCalculatorUITests.release.xcconfig */ = {isa = PBXFileReference; includeInIndex = 1; lastKnownFileType = text.xcconfig; name = "Pods-SimpleCalculator-SimpleCalculatorUITests.release.xcconfig"; path = "Target Support Files/Pods-SimpleCalculator-SimpleCalculatorUITests/Pods-SimpleCalculator-SimpleCalculatorUITests.release.xcconfig"; sourceTree = "<group>"; };
		53A3C89C3BA38F1872F4CA24 /* Pods_SimpleCalculator_SimpleCalculatorUITests.framework */ = {isa = PBXFileReference; explicitFileType = wrapper.framework; includeInIndex = 0; path = Pods_SimpleCalculator_SimpleCalculatorUITests.framework; sourceTree = BUILT_PRODUCTS_DIR; };
		55D62DE6C45AFE1B7E0C0EAC /* Pods-SimpleCalculator.debug.xcconfig */ = {isa = PBXFileReference; includeInIndex = 1; lastKnownFileType = text.xcconfig; name = "Pods-SimpleCalculator.debug.xcconfig"; path = "Target Support Files/Pods-SimpleCalculator/Pods-SimpleCalculator.debug.xcconfig"; sourceTree = "<group>"; };
		5C7B4473391FB8EBA11A593C /* Pods_SimpleCalculatorTests.framework */ = {isa = PBXFileReference; explicitFileType = wrapper.framework; includeInIndex = 0; path = Pods_SimpleCalculatorTests.framework; sourceTree = BUILT_PRODUCTS_DIR; };
		7D1D23442C650FBC003F4D31 /* SimpleCalculator.app */ = {isa = PBXFileReference; explicitFileType = wrapper.application; includeInIndex = 0; path = SimpleCalculator.app; sourceTree = BUILT_PRODUCTS_DIR; };
		7D1D23472C650FBC003F4D31 /* AppDelegate.swift */ = {isa = PBXFileReference; lastKnownFileType = sourcecode.swift; path = AppDelegate.swift; sourceTree = "<group>"; };
		7D1D23492C650FBC003F4D31 /* SceneDelegate.swift */ = {isa = PBXFileReference; lastKnownFileType = sourcecode.swift; path = SceneDelegate.swift; sourceTree = "<group>"; };
		7D1D234B2C650FBC003F4D31 /* CalculatorController.swift */ = {isa = PBXFileReference; lastKnownFileType = sourcecode.swift; path = CalculatorController.swift; sourceTree = "<group>"; };
		7D1D234E2C650FBC003F4D31 /* Base */ = {isa = PBXFileReference; lastKnownFileType = file.storyboard; name = Base; path = Base.lproj/Main.storyboard; sourceTree = "<group>"; };
		7D1D23502C650FC0003F4D31 /* Assets.xcassets */ = {isa = PBXFileReference; lastKnownFileType = folder.assetcatalog; path = Assets.xcassets; sourceTree = "<group>"; };
		7D1D23532C650FC0003F4D31 /* Base */ = {isa = PBXFileReference; lastKnownFileType = file.storyboard; name = Base; path = Base.lproj/LaunchScreen.storyboard; sourceTree = "<group>"; };
		7D1D23552C650FC0003F4D31 /* Info.plist */ = {isa = PBXFileReference; lastKnownFileType = text.plist.xml; path = Info.plist; sourceTree = "<group>"; };
		7D1D235A2C650FC0003F4D31 /* SimpleCalculatorTests.xctest */ = {isa = PBXFileReference; explicitFileType = wrapper.cfbundle; includeInIndex = 0; path = SimpleCalculatorTests.xctest; sourceTree = BUILT_PRODUCTS_DIR; };
		7D1D235E2C650FC0003F4D31 /* SimpleCalculatorTests.swift */ = {isa = PBXFileReference; lastKnownFileType = sourcecode.swift; path = SimpleCalculatorTests.swift; sourceTree = "<group>"; };
		7D1D23642C650FC0003F4D31 /* SimpleCalculatorUITests.xctest */ = {isa = PBXFileReference; explicitFileType = wrapper.cfbundle; includeInIndex = 0; path = SimpleCalculatorUITests.xctest; sourceTree = BUILT_PRODUCTS_DIR; };
		7D1D23682C650FC0003F4D31 /* SimpleCalculatorUITests.swift */ = {isa = PBXFileReference; lastKnownFileType = sourcecode.swift; path = SimpleCalculatorUITests.swift; sourceTree = "<group>"; };
		7D1D236A2C650FC0003F4D31 /* SimpleCalculatorUITestsLaunchTests.swift */ = {isa = PBXFileReference; lastKnownFileType = sourcecode.swift; path = SimpleCalculatorUITestsLaunchTests.swift; sourceTree = "<group>"; };
		7D8093422C6528A400264E76 /* NetworkManager.swift */ = {isa = PBXFileReference; lastKnownFileType = sourcecode.swift; path = NetworkManager.swift; sourceTree = "<group>"; };
		7D8093452C6528BD00264E76 /* Constants.swift */ = {isa = PBXFileReference; lastKnownFileType = sourcecode.swift; path = Constants.swift; sourceTree = "<group>"; };
		7D8093472C652AC600264E76 /* ExchangeRateModel.swift */ = {isa = PBXFileReference; lastKnownFileType = sourcecode.swift; path = ExchangeRateModel.swift; sourceTree = "<group>"; };
		7D8093492C652DE400264E76 /* CalculatorControllerViewModel.swift */ = {isa = PBXFileReference; lastKnownFileType = sourcecode.swift; path = CalculatorControllerViewModel.swift; sourceTree = "<group>"; };
		7F844D5F4D15106CCA04FFA6 /* Pods-SimpleCalculator.release.xcconfig */ = {isa = PBXFileReference; includeInIndex = 1; lastKnownFileType = text.xcconfig; name = "Pods-SimpleCalculator.release.xcconfig"; path = "Target Support Files/Pods-SimpleCalculator/Pods-SimpleCalculator.release.xcconfig"; sourceTree = "<group>"; };
		C756BC7458A729EE865BF17F /* Pods_SimpleCalculator.framework */ = {isa = PBXFileReference; explicitFileType = wrapper.framework; includeInIndex = 0; path = Pods_SimpleCalculator.framework; sourceTree = BUILT_PRODUCTS_DIR; };
		D06161F18C1364C3FC97BFD9 /* Pods-SimpleCalculatorTests.release.xcconfig */ = {isa = PBXFileReference; includeInIndex = 1; lastKnownFileType = text.xcconfig; name = "Pods-SimpleCalculatorTests.release.xcconfig"; path = "Target Support Files/Pods-SimpleCalculatorTests/Pods-SimpleCalculatorTests.release.xcconfig"; sourceTree = "<group>"; };
		E7947BABD0A92C09B89BEEA3 /* Pods-SimpleCalculatorTests.debug.xcconfig */ = {isa = PBXFileReference; includeInIndex = 1; lastKnownFileType = text.xcconfig; name = "Pods-SimpleCalculatorTests.debug.xcconfig"; path = "Target Support Files/Pods-SimpleCalculatorTests/Pods-SimpleCalculatorTests.debug.xcconfig"; sourceTree = "<group>"; };
		F4C2AC46EF1A73416B619DCB /* Pods-SimpleCalculator-SimpleCalculatorUITests.debug.xcconfig */ = {isa = PBXFileReference; includeInIndex = 1; lastKnownFileType = text.xcconfig; name = "Pods-SimpleCalculator-SimpleCalculatorUITests.debug.xcconfig"; path = "Target Support Files/Pods-SimpleCalculator-SimpleCalculatorUITests/Pods-SimpleCalculator-SimpleCalculatorUITests.debug.xcconfig"; sourceTree = "<group>"; };
/* End PBXFileReference section */

/* Begin PBXFrameworksBuildPhase section */
		7D1D23412C650FBC003F4D31 /* Frameworks */ = {
			isa = PBXFrameworksBuildPhase;
			buildActionMask = 2147483647;
			files = (
				FEC4ED1EE155A5EBEEBDEA20 /* Pods_SimpleCalculator.framework in Frameworks */,
			);
			runOnlyForDeploymentPostprocessing = 0;
		};
		7D1D23572C650FC0003F4D31 /* Frameworks */ = {
			isa = PBXFrameworksBuildPhase;
			buildActionMask = 2147483647;
			files = (
				470AF5BEDF59A167BEFF59AC /* Pods_SimpleCalculatorTests.framework in Frameworks */,
			);
			runOnlyForDeploymentPostprocessing = 0;
		};
		7D1D23612C650FC0003F4D31 /* Frameworks */ = {
			isa = PBXFrameworksBuildPhase;
			buildActionMask = 2147483647;
			files = (
				9FE36DB56B5E2330B9C068EB /* Pods_SimpleCalculator_SimpleCalculatorUITests.framework in Frameworks */,
			);
			runOnlyForDeploymentPostprocessing = 0;
		};
/* End PBXFrameworksBuildPhase section */

/* Begin PBXGroup section */
		1F9315B50CD93857C86A58B1 /* Frameworks */ = {
			isa = PBXGroup;
			children = (
				C756BC7458A729EE865BF17F /* Pods_SimpleCalculator.framework */,
				53A3C89C3BA38F1872F4CA24 /* Pods_SimpleCalculator_SimpleCalculatorUITests.framework */,
				5C7B4473391FB8EBA11A593C /* Pods_SimpleCalculatorTests.framework */,
			);
			name = Frameworks;
			sourceTree = "<group>";
		};
		7D1D233B2C650FBC003F4D31 = {
			isa = PBXGroup;
			children = (
				7D1D23462C650FBC003F4D31 /* SimpleCalculator */,
				7D1D235D2C650FC0003F4D31 /* SimpleCalculatorTests */,
				7D1D23672C650FC0003F4D31 /* SimpleCalculatorUITests */,
				7D1D23452C650FBC003F4D31 /* Products */,
				EBC16EC9F7B5D83460DA36DA /* Pods */,
				1F9315B50CD93857C86A58B1 /* Frameworks */,
			);
			sourceTree = "<group>";
		};
		7D1D23452C650FBC003F4D31 /* Products */ = {
			isa = PBXGroup;
			children = (
				7D1D23442C650FBC003F4D31 /* SimpleCalculator.app */,
				7D1D235A2C650FC0003F4D31 /* SimpleCalculatorTests.xctest */,
				7D1D23642C650FC0003F4D31 /* SimpleCalculatorUITests.xctest */,
			);
			name = Products;
			sourceTree = "<group>";
		};
		7D1D23462C650FBC003F4D31 /* SimpleCalculator */ = {
			isa = PBXGroup;
			children = (
				7D8093442C6528B100264E76 /* Utils */,
				7D8093412C65288100264E76 /* Controllers */,
				7D8093402C65287900264E76 /* Models */,
				7D80933F2C65287100264E76 /* ViewModels */,
				7D1D23772C651106003F4D31 /* Network */,
				7D1D23472C650FBC003F4D31 /* AppDelegate.swift */,
				7D1D23492C650FBC003F4D31 /* SceneDelegate.swift */,
				7D1D234D2C650FBC003F4D31 /* Main.storyboard */,
				7D1D23502C650FC0003F4D31 /* Assets.xcassets */,
				7D1D23522C650FC0003F4D31 /* LaunchScreen.storyboard */,
				7D1D23552C650FC0003F4D31 /* Info.plist */,
			);
			path = SimpleCalculator;
			sourceTree = "<group>";
		};
		7D1D235D2C650FC0003F4D31 /* SimpleCalculatorTests */ = {
			isa = PBXGroup;
			children = (
				7D1D235E2C650FC0003F4D31 /* SimpleCalculatorTests.swift */,
			);
			path = SimpleCalculatorTests;
			sourceTree = "<group>";
		};
		7D1D23672C650FC0003F4D31 /* SimpleCalculatorUITests */ = {
			isa = PBXGroup;
			children = (
				7D1D23682C650FC0003F4D31 /* SimpleCalculatorUITests.swift */,
				7D1D236A2C650FC0003F4D31 /* SimpleCalculatorUITestsLaunchTests.swift */,
			);
			path = SimpleCalculatorUITests;
			sourceTree = "<group>";
		};
		7D1D23772C651106003F4D31 /* Network */ = {
			isa = PBXGroup;
			children = (
				7D8093422C6528A400264E76 /* NetworkManager.swift */,
			);
			path = Network;
			sourceTree = "<group>";
		};
		7D80933F2C65287100264E76 /* ViewModels */ = {
			isa = PBXGroup;
			children = (
				7D8093492C652DE400264E76 /* CalculatorControllerViewModel.swift */,
			);
			path = ViewModels;
			sourceTree = "<group>";
		};
		7D8093402C65287900264E76 /* Models */ = {
			isa = PBXGroup;
			children = (
				7D8093472C652AC600264E76 /* ExchangeRateModel.swift */,
			);
			path = Models;
			sourceTree = "<group>";
		};
		7D8093412C65288100264E76 /* Controllers */ = {
			isa = PBXGroup;
			children = (
				7D1D234B2C650FBC003F4D31 /* CalculatorController.swift */,
			);
			path = Controllers;
			sourceTree = "<group>";
		};
		7D8093442C6528B100264E76 /* Utils */ = {
			isa = PBXGroup;
			children = (
				7D8093452C6528BD00264E76 /* Constants.swift */,
			);
			path = Utils;
			sourceTree = "<group>";
		};
		EBC16EC9F7B5D83460DA36DA /* Pods */ = {
			isa = PBXGroup;
			children = (
				55D62DE6C45AFE1B7E0C0EAC /* Pods-SimpleCalculator.debug.xcconfig */,
				7F844D5F4D15106CCA04FFA6 /* Pods-SimpleCalculator.release.xcconfig */,
				F4C2AC46EF1A73416B619DCB /* Pods-SimpleCalculator-SimpleCalculatorUITests.debug.xcconfig */,
				19868E8A50E0D8739CA285D1 /* Pods-SimpleCalculator-SimpleCalculatorUITests.release.xcconfig */,
				E7947BABD0A92C09B89BEEA3 /* Pods-SimpleCalculatorTests.debug.xcconfig */,
				D06161F18C1364C3FC97BFD9 /* Pods-SimpleCalculatorTests.release.xcconfig */,
			);
			path = Pods;
			sourceTree = "<group>";
		};
/* End PBXGroup section */

/* Begin PBXNativeTarget section */
		7D1D23432C650FBC003F4D31 /* SimpleCalculator */ = {
			isa = PBXNativeTarget;
			buildConfigurationList = 7D1D236E2C650FC0003F4D31 /* Build configuration list for PBXNativeTarget "SimpleCalculator" */;
			buildPhases = (
				9500121D0A9DCEB54E4D90CD /* [CP] Check Pods Manifest.lock */,
				7D1D23402C650FBC003F4D31 /* Sources */,
				7D1D23412C650FBC003F4D31 /* Frameworks */,
				7D1D23422C650FBC003F4D31 /* Resources */,
				4D15C93AF2F38B80D9B79EC2 /* [CP] Embed Pods Frameworks */,
			);
			buildRules = (
			);
			dependencies = (
			);
			name = SimpleCalculator;
			productName = SimpleCalculator;
			productReference = 7D1D23442C650FBC003F4D31 /* SimpleCalculator.app */;
			productType = "com.apple.product-type.application";
		};
		7D1D23592C650FC0003F4D31 /* SimpleCalculatorTests */ = {
			isa = PBXNativeTarget;
			buildConfigurationList = 7D1D23712C650FC0003F4D31 /* Build configuration list for PBXNativeTarget "SimpleCalculatorTests" */;
			buildPhases = (
				E773044CF141D1D051F321DA /* [CP] Check Pods Manifest.lock */,
				7D1D23562C650FC0003F4D31 /* Sources */,
				7D1D23572C650FC0003F4D31 /* Frameworks */,
				7D1D23582C650FC0003F4D31 /* Resources */,
			);
			buildRules = (
			);
			dependencies = (
				7D1D235C2C650FC0003F4D31 /* PBXTargetDependency */,
			);
			name = SimpleCalculatorTests;
			productName = SimpleCalculatorTests;
			productReference = 7D1D235A2C650FC0003F4D31 /* SimpleCalculatorTests.xctest */;
			productType = "com.apple.product-type.bundle.unit-test";
		};
		7D1D23632C650FC0003F4D31 /* SimpleCalculatorUITests */ = {
			isa = PBXNativeTarget;
			buildConfigurationList = 7D1D23742C650FC0003F4D31 /* Build configuration list for PBXNativeTarget "SimpleCalculatorUITests" */;
			buildPhases = (
				C14970EAB6F88139F7467A0B /* [CP] Check Pods Manifest.lock */,
				7D1D23602C650FC0003F4D31 /* Sources */,
				7D1D23612C650FC0003F4D31 /* Frameworks */,
				7D1D23622C650FC0003F4D31 /* Resources */,
				D75713D130748C675537C589 /* [CP] Embed Pods Frameworks */,
			);
			buildRules = (
			);
			dependencies = (
				7D1D23662C650FC0003F4D31 /* PBXTargetDependency */,
			);
			name = SimpleCalculatorUITests;
			productName = SimpleCalculatorUITests;
			productReference = 7D1D23642C650FC0003F4D31 /* SimpleCalculatorUITests.xctest */;
			productType = "com.apple.product-type.bundle.ui-testing";
		};
/* End PBXNativeTarget section */

/* Begin PBXProject section */
		7D1D233C2C650FBC003F4D31 /* Project object */ = {
			isa = PBXProject;
			attributes = {
				BuildIndependentTargetsInParallel = 1;
				LastSwiftUpdateCheck = 1540;
				LastUpgradeCheck = 1540;
				TargetAttributes = {
					7D1D23432C650FBC003F4D31 = {
						CreatedOnToolsVersion = 15.4;
					};
					7D1D23592C650FC0003F4D31 = {
						CreatedOnToolsVersion = 15.4;
						TestTargetID = 7D1D23432C650FBC003F4D31;
					};
					7D1D23632C650FC0003F4D31 = {
						CreatedOnToolsVersion = 15.4;
						TestTargetID = 7D1D23432C650FBC003F4D31;
					};
				};
			};
			buildConfigurationList = 7D1D233F2C650FBC003F4D31 /* Build configuration list for PBXProject "SimpleCalculator" */;
			compatibilityVersion = "Xcode 14.0";
			developmentRegion = en;
			hasScannedForEncodings = 0;
			knownRegions = (
				en,
				Base,
			);
			mainGroup = 7D1D233B2C650FBC003F4D31;
			productRefGroup = 7D1D23452C650FBC003F4D31 /* Products */;
			projectDirPath = "";
			projectRoot = "";
			targets = (
				7D1D23432C650FBC003F4D31 /* SimpleCalculator */,
				7D1D23592C650FC0003F4D31 /* SimpleCalculatorTests */,
				7D1D23632C650FC0003F4D31 /* SimpleCalculatorUITests */,
			);
		};
/* End PBXProject section */

/* Begin PBXResourcesBuildPhase section */
		7D1D23422C650FBC003F4D31 /* Resources */ = {
			isa = PBXResourcesBuildPhase;
			buildActionMask = 2147483647;
			files = (
				7D1D23512C650FC0003F4D31 /* Assets.xcassets in Resources */,
				7D1D23542C650FC0003F4D31 /* Base in Resources */,
				7D1D234F2C650FBC003F4D31 /* Base in Resources */,
			);
			runOnlyForDeploymentPostprocessing = 0;
		};
		7D1D23582C650FC0003F4D31 /* Resources */ = {
			isa = PBXResourcesBuildPhase;
			buildActionMask = 2147483647;
			files = (
			);
			runOnlyForDeploymentPostprocessing = 0;
		};
		7D1D23622C650FC0003F4D31 /* Resources */ = {
			isa = PBXResourcesBuildPhase;
			buildActionMask = 2147483647;
			files = (
			);
			runOnlyForDeploymentPostprocessing = 0;
		};
/* End PBXResourcesBuildPhase section */

/* Begin PBXShellScriptBuildPhase section */
		4D15C93AF2F38B80D9B79EC2 /* [CP] Embed Pods Frameworks */ = {
			isa = PBXShellScriptBuildPhase;
			buildActionMask = 2147483647;
			files = (
			);
			inputFileListPaths = (
				"${PODS_ROOT}/Target Support Files/Pods-SimpleCalculator/Pods-SimpleCalculator-frameworks-${CONFIGURATION}-input-files.xcfilelist",
			);
			name = "[CP] Embed Pods Frameworks";
			outputFileListPaths = (
				"${PODS_ROOT}/Target Support Files/Pods-SimpleCalculator/Pods-SimpleCalculator-frameworks-${CONFIGURATION}-output-files.xcfilelist",
			);
			runOnlyForDeploymentPostprocessing = 0;
			shellPath = /bin/sh;
			shellScript = "\"${PODS_ROOT}/Target Support Files/Pods-SimpleCalculator/Pods-SimpleCalculator-frameworks.sh\"\n";
			showEnvVarsInLog = 0;
		};
		9500121D0A9DCEB54E4D90CD /* [CP] Check Pods Manifest.lock */ = {
			isa = PBXShellScriptBuildPhase;
			buildActionMask = 2147483647;
			files = (
			);
			inputFileListPaths = (
			);
			inputPaths = (
				"${PODS_PODFILE_DIR_PATH}/Podfile.lock",
				"${PODS_ROOT}/Manifest.lock",
			);
			name = "[CP] Check Pods Manifest.lock";
			outputFileListPaths = (
			);
			outputPaths = (
				"$(DERIVED_FILE_DIR)/Pods-SimpleCalculator-checkManifestLockResult.txt",
			);
			runOnlyForDeploymentPostprocessing = 0;
			shellPath = /bin/sh;
			shellScript = "diff \"${PODS_PODFILE_DIR_PATH}/Podfile.lock\" \"${PODS_ROOT}/Manifest.lock\" > /dev/null\nif [ $? != 0 ] ; then\n    # print error to STDERR\n    echo \"error: The sandbox is not in sync with the Podfile.lock. Run 'pod install' or update your CocoaPods installation.\" >&2\n    exit 1\nfi\n# This output is used by Xcode 'outputs' to avoid re-running this script phase.\necho \"SUCCESS\" > \"${SCRIPT_OUTPUT_FILE_0}\"\n";
			showEnvVarsInLog = 0;
		};
		C14970EAB6F88139F7467A0B /* [CP] Check Pods Manifest.lock */ = {
			isa = PBXShellScriptBuildPhase;
			buildActionMask = 2147483647;
			files = (
			);
			inputFileListPaths = (
			);
			inputPaths = (
				"${PODS_PODFILE_DIR_PATH}/Podfile.lock",
				"${PODS_ROOT}/Manifest.lock",
			);
			name = "[CP] Check Pods Manifest.lock";
			outputFileListPaths = (
			);
			outputPaths = (
				"$(DERIVED_FILE_DIR)/Pods-SimpleCalculator-SimpleCalculatorUITests-checkManifestLockResult.txt",
			);
			runOnlyForDeploymentPostprocessing = 0;
			shellPath = /bin/sh;
			shellScript = "diff \"${PODS_PODFILE_DIR_PATH}/Podfile.lock\" \"${PODS_ROOT}/Manifest.lock\" > /dev/null\nif [ $? != 0 ] ; then\n    # print error to STDERR\n    echo \"error: The sandbox is not in sync with the Podfile.lock. Run 'pod install' or update your CocoaPods installation.\" >&2\n    exit 1\nfi\n# This output is used by Xcode 'outputs' to avoid re-running this script phase.\necho \"SUCCESS\" > \"${SCRIPT_OUTPUT_FILE_0}\"\n";
			showEnvVarsInLog = 0;
		};
		D75713D130748C675537C589 /* [CP] Embed Pods Frameworks */ = {
			isa = PBXShellScriptBuildPhase;
			buildActionMask = 2147483647;
			files = (
			);
			inputFileListPaths = (
				"${PODS_ROOT}/Target Support Files/Pods-SimpleCalculator-SimpleCalculatorUITests/Pods-SimpleCalculator-SimpleCalculatorUITests-frameworks-${CONFIGURATION}-input-files.xcfilelist",
			);
			name = "[CP] Embed Pods Frameworks";
			outputFileListPaths = (
				"${PODS_ROOT}/Target Support Files/Pods-SimpleCalculator-SimpleCalculatorUITests/Pods-SimpleCalculator-SimpleCalculatorUITests-frameworks-${CONFIGURATION}-output-files.xcfilelist",
			);
			runOnlyForDeploymentPostprocessing = 0;
			shellPath = /bin/sh;
			shellScript = "\"${PODS_ROOT}/Target Support Files/Pods-SimpleCalculator-SimpleCalculatorUITests/Pods-SimpleCalculator-SimpleCalculatorUITests-frameworks.sh\"\n";
			showEnvVarsInLog = 0;
		};
		E773044CF141D1D051F321DA /* [CP] Check Pods Manifest.lock */ = {
			isa = PBXShellScriptBuildPhase;
			buildActionMask = 2147483647;
			files = (
			);
			inputFileListPaths = (
			);
			inputPaths = (
				"${PODS_PODFILE_DIR_PATH}/Podfile.lock",
				"${PODS_ROOT}/Manifest.lock",
			);
			name = "[CP] Check Pods Manifest.lock";
			outputFileListPaths = (
			);
			outputPaths = (
				"$(DERIVED_FILE_DIR)/Pods-SimpleCalculatorTests-checkManifestLockResult.txt",
			);
			runOnlyForDeploymentPostprocessing = 0;
			shellPath = /bin/sh;
			shellScript = "diff \"${PODS_PODFILE_DIR_PATH}/Podfile.lock\" \"${PODS_ROOT}/Manifest.lock\" > /dev/null\nif [ $? != 0 ] ; then\n    # print error to STDERR\n    echo \"error: The sandbox is not in sync with the Podfile.lock. Run 'pod install' or update your CocoaPods installation.\" >&2\n    exit 1\nfi\n# This output is used by Xcode 'outputs' to avoid re-running this script phase.\necho \"SUCCESS\" > \"${SCRIPT_OUTPUT_FILE_0}\"\n";
			showEnvVarsInLog = 0;
		};
/* End PBXShellScriptBuildPhase section */

/* Begin PBXSourcesBuildPhase section */
		7D1D23402C650FBC003F4D31 /* Sources */ = {
			isa = PBXSourcesBuildPhase;
			buildActionMask = 2147483647;
			files = (
				7D8093462C6528BD00264E76 /* Constants.swift in Sources */,
				7D8093482C652AC600264E76 /* ExchangeRateModel.swift in Sources */,
				7D8093432C6528A400264E76 /* NetworkManager.swift in Sources */,
				7D1D234C2C650FBC003F4D31 /* CalculatorController.swift in Sources */,
				7D1D23482C650FBC003F4D31 /* AppDelegate.swift in Sources */,
				7D80934A2C652DE400264E76 /* CalculatorControllerViewModel.swift in Sources */,
				7D1D234A2C650FBC003F4D31 /* SceneDelegate.swift in Sources */,
			);
			runOnlyForDeploymentPostprocessing = 0;
		};
		7D1D23562C650FC0003F4D31 /* Sources */ = {
			isa = PBXSourcesBuildPhase;
			buildActionMask = 2147483647;
			files = (
				7D1D235F2C650FC0003F4D31 /* SimpleCalculatorTests.swift in Sources */,
			);
			runOnlyForDeploymentPostprocessing = 0;
		};
		7D1D23602C650FC0003F4D31 /* Sources */ = {
			isa = PBXSourcesBuildPhase;
			buildActionMask = 2147483647;
			files = (
				7D1D236B2C650FC0003F4D31 /* SimpleCalculatorUITestsLaunchTests.swift in Sources */,
				7D1D23692C650FC0003F4D31 /* SimpleCalculatorUITests.swift in Sources */,
			);
			runOnlyForDeploymentPostprocessing = 0;
		};
/* End PBXSourcesBuildPhase section */

/* Begin PBXTargetDependency section */
		7D1D235C2C650FC0003F4D31 /* PBXTargetDependency */ = {
			isa = PBXTargetDependency;
			target = 7D1D23432C650FBC003F4D31 /* SimpleCalculator */;
			targetProxy = 7D1D235B2C650FC0003F4D31 /* PBXContainerItemProxy */;
		};
		7D1D23662C650FC0003F4D31 /* PBXTargetDependency */ = {
			isa = PBXTargetDependency;
			target = 7D1D23432C650FBC003F4D31 /* SimpleCalculator */;
			targetProxy = 7D1D23652C650FC0003F4D31 /* PBXContainerItemProxy */;
		};
/* End PBXTargetDependency section */

/* Begin PBXVariantGroup section */
		7D1D234D2C650FBC003F4D31 /* Main.storyboard */ = {
			isa = PBXVariantGroup;
			children = (
				7D1D234E2C650FBC003F4D31 /* Base */,
			);
			name = Main.storyboard;
			sourceTree = "<group>";
		};
		7D1D23522C650FC0003F4D31 /* LaunchScreen.storyboard */ = {
			isa = PBXVariantGroup;
			children = (
				7D1D23532C650FC0003F4D31 /* Base */,
			);
			name = LaunchScreen.storyboard;
			sourceTree = "<group>";
		};
/* End PBXVariantGroup section */

/* Begin XCBuildConfiguration section */
		7D1D236C2C650FC0003F4D31 /* Debug */ = {
			isa = XCBuildConfiguration;
			buildSettings = {
				ALWAYS_SEARCH_USER_PATHS = NO;
				ASSETCATALOG_COMPILER_GENERATE_SWIFT_ASSET_SYMBOL_EXTENSIONS = YES;
				CLANG_ANALYZER_NONNULL = YES;
				CLANG_ANALYZER_NUMBER_OBJECT_CONVERSION = YES_AGGRESSIVE;
				CLANG_CXX_LANGUAGE_STANDARD = "gnu++20";
				CLANG_ENABLE_MODULES = YES;
				CLANG_ENABLE_OBJC_ARC = YES;
				CLANG_ENABLE_OBJC_WEAK = YES;
				CLANG_WARN_BLOCK_CAPTURE_AUTORELEASING = YES;
				CLANG_WARN_BOOL_CONVERSION = YES;
				CLANG_WARN_COMMA = YES;
				CLANG_WARN_CONSTANT_CONVERSION = YES;
				CLANG_WARN_DEPRECATED_OBJC_IMPLEMENTATIONS = YES;
				CLANG_WARN_DIRECT_OBJC_ISA_USAGE = YES_ERROR;
				CLANG_WARN_DOCUMENTATION_COMMENTS = YES;
				CLANG_WARN_EMPTY_BODY = YES;
				CLANG_WARN_ENUM_CONVERSION = YES;
				CLANG_WARN_INFINITE_RECURSION = YES;
				CLANG_WARN_INT_CONVERSION = YES;
				CLANG_WARN_NON_LITERAL_NULL_CONVERSION = YES;
				CLANG_WARN_OBJC_IMPLICIT_RETAIN_SELF = YES;
				CLANG_WARN_OBJC_LITERAL_CONVERSION = YES;
				CLANG_WARN_OBJC_ROOT_CLASS = YES_ERROR;
				CLANG_WARN_QUOTED_INCLUDE_IN_FRAMEWORK_HEADER = YES;
				CLANG_WARN_RANGE_LOOP_ANALYSIS = YES;
				CLANG_WARN_STRICT_PROTOTYPES = YES;
				CLANG_WARN_SUSPICIOUS_MOVE = YES;
				CLANG_WARN_UNGUARDED_AVAILABILITY = YES_AGGRESSIVE;
				CLANG_WARN_UNREACHABLE_CODE = YES;
				CLANG_WARN__DUPLICATE_METHOD_MATCH = YES;
				COPY_PHASE_STRIP = NO;
				DEBUG_INFORMATION_FORMAT = dwarf;
				ENABLE_STRICT_OBJC_MSGSEND = YES;
				ENABLE_TESTABILITY = YES;
				ENABLE_USER_SCRIPT_SANDBOXING = YES;
				GCC_C_LANGUAGE_STANDARD = gnu17;
				GCC_DYNAMIC_NO_PIC = NO;
				GCC_NO_COMMON_BLOCKS = YES;
				GCC_OPTIMIZATION_LEVEL = 0;
				GCC_PREPROCESSOR_DEFINITIONS = (
					"DEBUG=1",
					"$(inherited)",
				);
				GCC_WARN_64_TO_32_BIT_CONVERSION = YES;
				GCC_WARN_ABOUT_RETURN_TYPE = YES_ERROR;
				GCC_WARN_UNDECLARED_SELECTOR = YES;
				GCC_WARN_UNINITIALIZED_AUTOS = YES_AGGRESSIVE;
				GCC_WARN_UNUSED_FUNCTION = YES;
				GCC_WARN_UNUSED_VARIABLE = YES;
				IPHONEOS_DEPLOYMENT_TARGET = 17.5;
				LOCALIZATION_PREFERS_STRING_CATALOGS = YES;
				MTL_ENABLE_DEBUG_INFO = INCLUDE_SOURCE;
				MTL_FAST_MATH = YES;
				ONLY_ACTIVE_ARCH = YES;
				SDKROOT = iphoneos;
				SWIFT_ACTIVE_COMPILATION_CONDITIONS = "DEBUG $(inherited)";
				SWIFT_OPTIMIZATION_LEVEL = "-Onone";
			};
			name = Debug;
		};
		7D1D236D2C650FC0003F4D31 /* Release */ = {
			isa = XCBuildConfiguration;
			buildSettings = {
				ALWAYS_SEARCH_USER_PATHS = NO;
				ASSETCATALOG_COMPILER_GENERATE_SWIFT_ASSET_SYMBOL_EXTENSIONS = YES;
				CLANG_ANALYZER_NONNULL = YES;
				CLANG_ANALYZER_NUMBER_OBJECT_CONVERSION = YES_AGGRESSIVE;
				CLANG_CXX_LANGUAGE_STANDARD = "gnu++20";
				CLANG_ENABLE_MODULES = YES;
				CLANG_ENABLE_OBJC_ARC = YES;
				CLANG_ENABLE_OBJC_WEAK = YES;
				CLANG_WARN_BLOCK_CAPTURE_AUTORELEASING = YES;
				CLANG_WARN_BOOL_CONVERSION = YES;
				CLANG_WARN_COMMA = YES;
				CLANG_WARN_CONSTANT_CONVERSION = YES;
				CLANG_WARN_DEPRECATED_OBJC_IMPLEMENTATIONS = YES;
				CLANG_WARN_DIRECT_OBJC_ISA_USAGE = YES_ERROR;
				CLANG_WARN_DOCUMENTATION_COMMENTS = YES;
				CLANG_WARN_EMPTY_BODY = YES;
				CLANG_WARN_ENUM_CONVERSION = YES;
				CLANG_WARN_INFINITE_RECURSION = YES;
				CLANG_WARN_INT_CONVERSION = YES;
				CLANG_WARN_NON_LITERAL_NULL_CONVERSION = YES;
				CLANG_WARN_OBJC_IMPLICIT_RETAIN_SELF = YES;
				CLANG_WARN_OBJC_LITERAL_CONVERSION = YES;
				CLANG_WARN_OBJC_ROOT_CLASS = YES_ERROR;
				CLANG_WARN_QUOTED_INCLUDE_IN_FRAMEWORK_HEADER = YES;
				CLANG_WARN_RANGE_LOOP_ANALYSIS = YES;
				CLANG_WARN_STRICT_PROTOTYPES = YES;
				CLANG_WARN_SUSPICIOUS_MOVE = YES;
				CLANG_WARN_UNGUARDED_AVAILABILITY = YES_AGGRESSIVE;
				CLANG_WARN_UNREACHABLE_CODE = YES;
				CLANG_WARN__DUPLICATE_METHOD_MATCH = YES;
				COPY_PHASE_STRIP = NO;
				DEBUG_INFORMATION_FORMAT = "dwarf-with-dsym";
				ENABLE_NS_ASSERTIONS = NO;
				ENABLE_STRICT_OBJC_MSGSEND = YES;
				ENABLE_USER_SCRIPT_SANDBOXING = YES;
				GCC_C_LANGUAGE_STANDARD = gnu17;
				GCC_NO_COMMON_BLOCKS = YES;
				GCC_WARN_64_TO_32_BIT_CONVERSION = YES;
				GCC_WARN_ABOUT_RETURN_TYPE = YES_ERROR;
				GCC_WARN_UNDECLARED_SELECTOR = YES;
				GCC_WARN_UNINITIALIZED_AUTOS = YES_AGGRESSIVE;
				GCC_WARN_UNUSED_FUNCTION = YES;
				GCC_WARN_UNUSED_VARIABLE = YES;
				IPHONEOS_DEPLOYMENT_TARGET = 17.5;
				LOCALIZATION_PREFERS_STRING_CATALOGS = YES;
				MTL_ENABLE_DEBUG_INFO = NO;
				MTL_FAST_MATH = YES;
				SDKROOT = iphoneos;
				SWIFT_COMPILATION_MODE = wholemodule;
				VALIDATE_PRODUCT = YES;
			};
			name = Release;
		};
		7D1D236F2C650FC0003F4D31 /* Debug */ = {
			isa = XCBuildConfiguration;
			baseConfigurationReference = 55D62DE6C45AFE1B7E0C0EAC /* Pods-SimpleCalculator.debug.xcconfig */;
			buildSettings = {
				ASSETCATALOG_COMPILER_APPICON_NAME = AppIcon;
				ASSETCATALOG_COMPILER_GLOBAL_ACCENT_COLOR_NAME = AccentColor;
				CODE_SIGN_STYLE = Automatic;
				CURRENT_PROJECT_VERSION = 1;
				DEVELOPMENT_TEAM = NCHCQ3927G;
				ENABLE_USER_SCRIPT_SANDBOXING = NO;
				GENERATE_INFOPLIST_FILE = YES;
				INFOPLIST_FILE = SimpleCalculator/Info.plist;
				INFOPLIST_KEY_UIApplicationSupportsIndirectInputEvents = YES;
				INFOPLIST_KEY_UILaunchStoryboardName = LaunchScreen;
				INFOPLIST_KEY_UIMainStoryboardFile = Main;
				INFOPLIST_KEY_UISupportedInterfaceOrientations_iPad = "UIInterfaceOrientationPortrait UIInterfaceOrientationPortraitUpsideDown UIInterfaceOrientationLandscapeLeft UIInterfaceOrientationLandscapeRight";
				INFOPLIST_KEY_UISupportedInterfaceOrientations_iPhone = "UIInterfaceOrientationPortrait UIInterfaceOrientationLandscapeLeft UIInterfaceOrientationLandscapeRight";
				LD_RUNPATH_SEARCH_PATHS = (
					"$(inherited)",
					"@executable_path/Frameworks",
				);
				MARKETING_VERSION = 1.0;
				PRODUCT_BUNDLE_IDENTIFIER = com.example.SimpleCalculator;
				PRODUCT_NAME = "$(TARGET_NAME)";
				SWIFT_EMIT_LOC_STRINGS = YES;
				SWIFT_VERSION = 5.0;
				TARGETED_DEVICE_FAMILY = "1,2";
			};
			name = Debug;
		};
		7D1D23702C650FC0003F4D31 /* Release */ = {
			isa = XCBuildConfiguration;
			baseConfigurationReference = 7F844D5F4D15106CCA04FFA6 /* Pods-SimpleCalculator.release.xcconfig */;
			buildSettings = {
				ASSETCATALOG_COMPILER_APPICON_NAME = AppIcon;
				ASSETCATALOG_COMPILER_GLOBAL_ACCENT_COLOR_NAME = AccentColor;
				CODE_SIGN_STYLE = Automatic;
				CURRENT_PROJECT_VERSION = 1;
				DEVELOPMENT_TEAM = NCHCQ3927G;
				ENABLE_USER_SCRIPT_SANDBOXING = NO;
				GENERATE_INFOPLIST_FILE = YES;
				INFOPLIST_FILE = SimpleCalculator/Info.plist;
				INFOPLIST_KEY_UIApplicationSupportsIndirectInputEvents = YES;
				INFOPLIST_KEY_UILaunchStoryboardName = LaunchScreen;
				INFOPLIST_KEY_UIMainStoryboardFile = Main;
				INFOPLIST_KEY_UISupportedInterfaceOrientations_iPad = "UIInterfaceOrientationPortrait UIInterfaceOrientationPortraitUpsideDown UIInterfaceOrientationLandscapeLeft UIInterfaceOrientationLandscapeRight";
				INFOPLIST_KEY_UISupportedInterfaceOrientations_iPhone = "UIInterfaceOrientationPortrait UIInterfaceOrientationLandscapeLeft UIInterfaceOrientationLandscapeRight";
				LD_RUNPATH_SEARCH_PATHS = (
					"$(inherited)",
					"@executable_path/Frameworks",
				);
				MARKETING_VERSION = 1.0;
				PRODUCT_BUNDLE_IDENTIFIER = com.example.SimpleCalculator;
				PRODUCT_NAME = "$(TARGET_NAME)";
				SWIFT_EMIT_LOC_STRINGS = YES;
				SWIFT_VERSION = 5.0;
				TARGETED_DEVICE_FAMILY = "1,2";
			};
			name = Release;
		};
		7D1D23722C650FC0003F4D31 /* Debug */ = {
			isa = XCBuildConfiguration;
			baseConfigurationReference = E7947BABD0A92C09B89BEEA3 /* Pods-SimpleCalculatorTests.debug.xcconfig */;
			buildSettings = {
				ALWAYS_EMBED_SWIFT_STANDARD_LIBRARIES = YES;
				BUNDLE_LOADER = "$(TEST_HOST)";
				CODE_SIGN_STYLE = Automatic;
				CURRENT_PROJECT_VERSION = 1;
				DEVELOPMENT_TEAM = NCHCQ3927G;
				GENERATE_INFOPLIST_FILE = YES;
				IPHONEOS_DEPLOYMENT_TARGET = 17.5;
				MARKETING_VERSION = 1.0;
				PRODUCT_BUNDLE_IDENTIFIER = com.example.SimpleCalculatorTests;
				PRODUCT_NAME = "$(TARGET_NAME)";
				SWIFT_EMIT_LOC_STRINGS = NO;
				SWIFT_VERSION = 5.0;
				TARGETED_DEVICE_FAMILY = "1,2";
				TEST_HOST = "$(BUILT_PRODUCTS_DIR)/SimpleCalculator.app/$(BUNDLE_EXECUTABLE_FOLDER_PATH)/SimpleCalculator";
			};
			name = Debug;
		};
		7D1D23732C650FC0003F4D31 /* Release */ = {
			isa = XCBuildConfiguration;
			baseConfigurationReference = D06161F18C1364C3FC97BFD9 /* Pods-SimpleCalculatorTests.release.xcconfig */;
			buildSettings = {
				ALWAYS_EMBED_SWIFT_STANDARD_LIBRARIES = YES;
				BUNDLE_LOADER = "$(TEST_HOST)";
				CODE_SIGN_STYLE = Automatic;
				CURRENT_PROJECT_VERSION = 1;
				DEVELOPMENT_TEAM = NCHCQ3927G;
				GENERATE_INFOPLIST_FILE = YES;
				IPHONEOS_DEPLOYMENT_TARGET = 17.5;
				MARKETING_VERSION = 1.0;
				PRODUCT_BUNDLE_IDENTIFIER = com.example.SimpleCalculatorTests;
				PRODUCT_NAME = "$(TARGET_NAME)";
				SWIFT_EMIT_LOC_STRINGS = NO;
				SWIFT_VERSION = 5.0;
				TARGETED_DEVICE_FAMILY = "1,2";
				TEST_HOST = "$(BUILT_PRODUCTS_DIR)/SimpleCalculator.app/$(BUNDLE_EXECUTABLE_FOLDER_PATH)/SimpleCalculator";
			};
			name = Release;
		};
		7D1D23752C650FC0003F4D31 /* Debug */ = {
			isa = XCBuildConfiguration;
			baseConfigurationReference = F4C2AC46EF1A73416B619DCB /* Pods-SimpleCalculator-SimpleCalculatorUITests.debug.xcconfig */;
			buildSettings = {
				ALWAYS_EMBED_SWIFT_STANDARD_LIBRARIES = YES;
				CODE_SIGN_STYLE = Automatic;
				CURRENT_PROJECT_VERSION = 1;
				DEVELOPMENT_TEAM = NCHCQ3927G;
				GENERATE_INFOPLIST_FILE = YES;
				MARKETING_VERSION = 1.0;
				PRODUCT_BUNDLE_IDENTIFIER = com.example.SimpleCalculatorUITests;
				PRODUCT_NAME = "$(TARGET_NAME)";
				SWIFT_EMIT_LOC_STRINGS = NO;
				SWIFT_VERSION = 5.0;
				TARGETED_DEVICE_FAMILY = "1,2";
				TEST_TARGET_NAME = SimpleCalculator;
			};
			name = Debug;
		};
		7D1D23762C650FC0003F4D31 /* Release */ = {
			isa = XCBuildConfiguration;
			baseConfigurationReference = 19868E8A50E0D8739CA285D1 /* Pods-SimpleCalculator-SimpleCalculatorUITests.release.xcconfig */;
			buildSettings = {
				ALWAYS_EMBED_SWIFT_STANDARD_LIBRARIES = YES;
				CODE_SIGN_STYLE = Automatic;
				CURRENT_PROJECT_VERSION = 1;
				DEVELOPMENT_TEAM = NCHCQ3927G;
				GENERATE_INFOPLIST_FILE = YES;
				MARKETING_VERSION = 1.0;
				PRODUCT_BUNDLE_IDENTIFIER = com.example.SimpleCalculatorUITests;
				PRODUCT_NAME = "$(TARGET_NAME)";
				SWIFT_EMIT_LOC_STRINGS = NO;
				SWIFT_VERSION = 5.0;
				TARGETED_DEVICE_FAMILY = "1,2";
				TEST_TARGET_NAME = SimpleCalculator;
			};
			name = Release;
		};
/* End XCBuildConfiguration section */

/* Begin XCConfigurationList section */
		7D1D233F2C650FBC003F4D31 /* Build configuration list for PBXProject "SimpleCalculator" */ = {
			isa = XCConfigurationList;
			buildConfigurations = (
				7D1D236C2C650FC0003F4D31 /* Debug */,
				7D1D236D2C650FC0003F4D31 /* Release */,
			);
			defaultConfigurationIsVisible = 0;
			defaultConfigurationName = Release;
		};
		7D1D236E2C650FC0003F4D31 /* Build configuration list for PBXNativeTarget "SimpleCalculator" */ = {
			isa = XCConfigurationList;
			buildConfigurations = (
				7D1D236F2C650FC0003F4D31 /* Debug */,
				7D1D23702C650FC0003F4D31 /* Release */,
			);
			defaultConfigurationIsVisible = 0;
			defaultConfigurationName = Release;
		};
		7D1D23712C650FC0003F4D31 /* Build configuration list for PBXNativeTarget "SimpleCalculatorTests" */ = {
			isa = XCConfigurationList;
			buildConfigurations = (
				7D1D23722C650FC0003F4D31 /* Debug */,
				7D1D23732C650FC0003F4D31 /* Release */,
			);
			defaultConfigurationIsVisible = 0;
			defaultConfigurationName = Release;
		};
		7D1D23742C650FC0003F4D31 /* Build configuration list for PBXNativeTarget "SimpleCalculatorUITests" */ = {
			isa = XCConfigurationList;
			buildConfigurations = (
				7D1D23752C650FC0003F4D31 /* Debug */,
				7D1D23762C650FC0003F4D31 /* Release */,
			);
			defaultConfigurationIsVisible = 0;
			defaultConfigurationName = Release;
		};
/* End XCConfigurationList section */
	};
	rootObject = 7D1D233C2C650FBC003F4D31 /* Project object */;
}
